{
  "nodes": {
    "libsml-src": {
      "flake": false,
      "locked": {
        "lastModified": 1686628326,
        "narHash": "sha256-X3ggAYjWa/Gf4stZNxbmRJwaEdiGtKp04gUxhw9XEJA=",
        "owner": "volkszaehler",
        "repo": "libsml",
        "rev": "262ac437eb16632eaf2a3621fb58dd8ffb95d4f5",
        "type": "github"
      },
      "original": {
        "owner": "volkszaehler",
        "repo": "libsml",
        "rev": "262ac437eb16632eaf2a3621fb58dd8ffb95d4f5",
        "type": "github"
      }
    },
    "nixpkgs": {
      "locked": {
        "lastModified": 1669834992,
        "narHash": "sha256-YnhZGHgb4C3Q7DSGisO/stc50jFb9F/MzHeKS4giotg=",
        "owner": "NixOS",
        "repo": "nixpkgs",
        "rev": "596a8e828c5dfa504f91918d0fa4152db3ab5502",
        "type": "github"
      },
      "original": {
        "id": "nixpkgs",
        "ref": "nixos-22.11",
        "type": "indirect"
      }
    },
    "root": {
      "inputs": {
        "libsml-src": "libsml-src",
        "nixpkgs": "nixpkgs",
        "vzlogger-src": "vzlogger-src"
      }
    },
    "vzlogger-src": {
      "flake": false,
      "locked": {
        "lastModified": 1684055430,
        "narHash": "sha256-HfM1ufgBMczp7vnkxUEnO17URqOqIPxgSrFnKl3oEKk=",
        "owner": "maxberger",
        "repo": "vzlogger",
        "rev": "7d782e1f840e02631e1a0149f9ea4fe3cdc788ea",
        "type": "github"
      },
      "original": {
        "owner": "maxberger",
        "repo": "vzlogger",
        "rev": "7d782e1f840e02631e1a0149f9ea4fe3cdc788ea",
        "type": "github"
      }
    }
  },
  "root": "root",
  "version": 7
}
